
Microsoft Visual Studio Solution File, Format Version 12.00
# Visual Studio Version 17
VisualStudioVersion = 17.13.35806.99 d17.13
MinimumVisualStudioVersion = 10.0.40219.1
Project("{FAE04EC0-301F-11D3-BF4B-00C04F79EFBC}") = "MauiReturnSelectedItemToPage2", "MauiReturnSelectedItemToPage2\MauiReturnSelectedItemToPage2.csproj", "{D6E38A51-3F8F-43F7-8734-4B61D3C26458}"
EndProject
Global
	GlobalSection(SolutionConfigurationPlatforms) = preSolution
		Debug|Any CPU = Debug|Any CPU
		Release|Any CPU = Release|Any CPU
	EndGlobalSection
	GlobalSection(ProjectConfigurationPlatforms) = postSolution
		{D6E38A51-3F8F-43F7-8734-4B61D3C26458}.Debug|Any CPU.ActiveCfg = Debug|Any CPU
		{D6E38A51-3F8F-43F7-8734-4B61D3C26458}.Debug|Any CPU.Build.0 = Debug|Any CPU
		{D6E38A51-3F8F-43F7-8734-4B61D3C26458}.Debug|Any CPU.Deploy.0 = Debug|Any CPU
		{D6E38A51-3F8F-43F7-8734-4B61D3C26458}.Release|Any CPU.ActiveCfg = Release|Any CPU
		{D6E38A51-3F8F-43F7-8734-4B61D3C26458}.Release|Any CPU.Build.0 = Release|Any CPU
		{D6E38A51-3F8F-43F7-8734-4B61D3C26458}.Release|Any CPU.Deploy.0 = Release|Any CPU
	EndGlobalSection
	GlobalSection(SolutionProperties) = preSolution
		HideSolutionNode = FALSE
	EndGlobalSection
	GlobalSection(ExtensibilityGlobals) = postSolution
		SolutionGuid = {B532F3DC-5D59-4F52-8923-F10E3FCEF933}
	EndGlobalSection
EndGlobal
